// !$*UTF8*$!
{
	archiveVersion = 1;
	classes = {
	};
	objectVersion = 50;
	objects = {

/* Begin PBXBuildFile section */
		030445F0235F56B100E96FB3 /* AppDelegate.swift in Sources */ = {isa = PBXBuildFile; fileRef = 030445EF235F56B100E96FB3 /* AppDelegate.swift */; };
		030445F2235F56B100E96FB3 /* SceneDelegate.swift in Sources */ = {isa = PBXBuildFile; fileRef = 030445F1235F56B100E96FB3 /* SceneDelegate.swift */; };
		030445F4235F56B100E96FB3 /* ViewController.swift in Sources */ = {isa = PBXBuildFile; fileRef = 030445F3235F56B100E96FB3 /* ViewController.swift */; };
		030445F7235F56B100E96FB3 /* Main.storyboard in Resources */ = {isa = PBXBuildFile; fileRef = 030445F5235F56B100E96FB3 /* Main.storyboard */; };
		030445FA235F56B100E96FB3 /* Colors_with_Navigation.xcdatamodeld in Sources */ = {isa = PBXBuildFile; fileRef = 030445F8235F56B100E96FB3 /* Colors_with_Navigation.xcdatamodeld */; };
		030445FC235F56B400E96FB3 /* Assets.xcassets in Resources */ = {isa = PBXBuildFile; fileRef = 030445FB235F56B400E96FB3 /* Assets.xcassets */; };
		030445FF235F56B400E96FB3 /* LaunchScreen.storyboard in Resources */ = {isa = PBXBuildFile; fileRef = 030445FD235F56B400E96FB3 /* LaunchScreen.storyboard */; };
		0304460A235F56B400E96FB3 /* Colors_with_NavigationUITests.swift in Sources */ = {isa = PBXBuildFile; fileRef = 03044609235F56B400E96FB3 /* Colors_with_NavigationUITests.swift */; };
/* End PBXBuildFile section */

/* Begin PBXContainerItemProxy section */
		03044606235F56B400E96FB3 /* PBXContainerItemProxy */ = {
			isa = PBXContainerItemProxy;
			containerPortal = 030445E4235F56B100E96FB3 /* Project object */;
			proxyType = 1;
			remoteGlobalIDString = 030445EB235F56B100E96FB3;
			remoteInfo = "Colors with Navigation";
		};
/* End PBXContainerItemProxy section */

/* Begin PBXFileReference section */
		030445EC235F56B100E96FB3 /* Colors with Navigation.app */ = {isa = PBXFileReference; explicitFileType = wrapper.application; includeInIndex = 0; path = "Colors with Navigation.app"; sourceTree = BUILT_PRODUCTS_DIR; };
		030445EF235F56B100E96FB3 /* AppDelegate.swift */ = {isa = PBXFileReference; lastKnownFileType = sourcecode.swift; path = AppDelegate.swift; sourceTree = "<group>"; };
		030445F1235F56B100E96FB3 /* SceneDelegate.swift */ = {isa = PBXFileReference; lastKnownFileType = sourcecode.swift; path = SceneDelegate.swift; sourceTree = "<group>"; };
		030445F3235F56B100E96FB3 /* ViewController.swift */ = {isa = PBXFileReference; lastKnownFileType = sourcecode.swift; path = ViewController.swift; sourceTree = "<group>"; };
		030445F6235F56B100E96FB3 /* Base */ = {isa = PBXFileReference; lastKnownFileType = file.storyboard; name = Base; path = Base.lproj/Main.storyboard; sourceTree = "<group>"; };
		030445F9235F56B100E96FB3 /* Colors_with_Navigation.xcdatamodel */ = {isa = PBXFileReference; lastKnownFileType = wrapper.xcdatamodel; path = Colors_with_Navigation.xcdatamodel; sourceTree = "<group>"; };
		030445FB235F56B400E96FB3 /* Assets.xcassets */ = {isa = PBXFileReference; lastKnownFileType = folder.assetcatalog; path = Assets.xcassets; sourceTree = "<group>"; };
		030445FE235F56B400E96FB3 /* Base */ = {isa = PBXFileReference; lastKnownFileType = file.storyboard; name = Base; path = Base.lproj/LaunchScreen.storyboard; sourceTree = "<group>"; };
		03044600235F56B400E96FB3 /* Info.plist */ = {isa = PBXFileReference; lastKnownFileType = text.plist.xml; path = Info.plist; sourceTree = "<group>"; };
		03044605235F56B400E96FB3 /* Colors with NavigationUITests.xctest */ = {isa = PBXFileReference; explicitFileType = wrapper.cfbundle; includeInIndex = 0; path = "Colors with NavigationUITests.xctest"; sourceTree = BUILT_PRODUCTS_DIR; };
		03044609235F56B400E96FB3 /* Colors_with_NavigationUITests.swift */ = {isa = PBXFileReference; lastKnownFileType = sourcecode.swift; path = Colors_with_NavigationUITests.swift; sourceTree = "<group>"; };
		0304460B235F56B400E96FB3 /* Info.plist */ = {isa = PBXFileReference; lastKnownFileType = text.plist.xml; path = Info.plist; sourceTree = "<group>"; };
/* End PBXFileReference section */

/* Begin PBXFrameworksBuildPhase section */
		030445E9235F56B100E96FB3 /* Frameworks */ = {
			isa = PBXFrameworksBuildPhase;
			buildActionMask = 2147483647;
			files = (
			);
			runOnlyForDeploymentPostprocessing = 0;
		};
		03044602235F56B400E96FB3 /* Frameworks */ = {
			isa = PBXFrameworksBuildPhase;
			buildActionMask = 2147483647;
			files = (
			);
			runOnlyForDeploymentPostprocessing = 0;
		};
/* End PBXFrameworksBuildPhase section */

/* Begin PBXGroup section */
		030445E3235F56B100E96FB3 = {
			isa = PBXGroup;
			children = (
				030445EE235F56B100E96FB3 /* Colors with Navigation */,
				03044608235F56B400E96FB3 /* Colors with NavigationUITests */,
				030445ED235F56B100E96FB3 /* Products */,
			);
			sourceTree = "<group>";
		};
		030445ED235F56B100E96FB3 /* Products */ = {
			isa = PBXGroup;
			children = (
				030445EC235F56B100E96FB3 /* Colors with Navigation.app */,
				03044605235F56B400E96FB3 /* Colors with NavigationUITests.xctest */,
			);
			name = Products;
			sourceTree = "<group>";
		};
		030445EE235F56B100E96FB3 /* Colors with Navigation */ = {
			isa = PBXGroup;
			children = (
				030445EF235F56B100E96FB3 /* AppDelegate.swift */,
				030445F1235F56B100E96FB3 /* SceneDelegate.swift */,
				030445F3235F56B100E96FB3 /* ViewController.swift */,
				030445F5235F56B100E96FB3 /* Main.storyboard */,
				030445FB235F56B400E96FB3 /* Assets.xcassets */,
				030445FD235F56B400E96FB3 /* LaunchScreen.storyboard */,
				03044600235F56B400E96FB3 /* Info.plist */,
				030445F8235F56B100E96FB3 /* Colors_with_Navigation.xcdatamodeld */,
			);
			path = "Colors with Navigation";
			sourceTree = "<group>";
		};
		03044608235F56B400E96FB3 /* Colors with NavigationUITests */ = {
			isa = PBXGroup;
			children = (
				03044609235F56B400E96FB3 /* Colors_with_NavigationUITests.swift */,
				0304460B235F56B400E96FB3 /* Info.plist */,
			);
			path = "Colors with NavigationUITests";
			sourceTree = "<group>";
		};
/* End PBXGroup section */

/* Begin PBXNativeTarget section */
		030445EB235F56B100E96FB3 /* Colors with Navigation */ = {
			isa = PBXNativeTarget;
			buildConfigurationList = 0304460E235F56B400E96FB3 /* Build configuration list for PBXNativeTarget "Colors with Navigation" */;
			buildPhases = (
				030445E8235F56B100E96FB3 /* Sources */,
				030445E9235F56B100E96FB3 /* Frameworks */,
				030445EA235F56B100E96FB3 /* Resources */,
			);
			buildRules = (
			);
			dependencies = (
			);
			name = "Colors with Navigation";
			productName = "Colors with Navigation";
			productReference = 030445EC235F56B100E96FB3 /* Colors with Navigation.app */;
			productType = "com.apple.product-type.application";
		};
		03044604235F56B400E96FB3 /* Colors with NavigationUITests */ = {
			isa = PBXNativeTarget;
			buildConfigurationList = 03044611235F56B400E96FB3 /* Build configuration list for PBXNativeTarget "Colors with NavigationUITests" */;
			buildPhases = (
				03044601235F56B400E96FB3 /* Sources */,
				03044602235F56B400E96FB3 /* Frameworks */,
				03044603235F56B400E96FB3 /* Resources */,
			);
			buildRules = (
			);
			dependencies = (
				03044607235F56B400E96FB3 /* PBXTargetDependency */,
			);
			name = "Colors with NavigationUITests";
			productName = "Colors with NavigationUITests";
			productReference = 03044605235F56B400E96FB3 /* Colors with NavigationUITests.xctest */;
			productType = "com.apple.product-type.bundle.ui-testing";
		};
/* End PBXNativeTarget section */

/* Begin PBXProject section */
		030445E4235F56B100E96FB3 /* Project object */ = {
			isa = PBXProject;
			attributes = {
				LastSwiftUpdateCheck = 1110;
				LastUpgradeCheck = 1110;
				ORGANIZATIONNAME = "Joshua Brooks";
				TargetAttributes = {
					030445EB235F56B100E96FB3 = {
						CreatedOnToolsVersion = 11.1;
					};
					03044604235F56B400E96FB3 = {
						CreatedOnToolsVersion = 11.1;
						TestTargetID = 030445EB235F56B100E96FB3;
					};
				};
			};
			buildConfigurationList = 030445E7235F56B100E96FB3 /* Build configuration list for PBXProject "Colors with Navigation" */;
			compatibilityVersion = "Xcode 9.3";
			developmentRegion = en;
			hasScannedForEncodings = 0;
			knownRegions = (
				en,
				Base,
			);
			mainGroup = 030445E3235F56B100E96FB3;
			productRefGroup = 030445ED235F56B100E96FB3 /* Products */;
			projectDirPath = "";
			projectRoot = "";
			targets = (
				030445EB235F56B100E96FB3 /* Colors with Navigation */,
				03044604235F56B400E96FB3 /* Colors with NavigationUITests */,
			);
		};
/* End PBXProject section */

/* Begin PBXResourcesBuildPhase section */
		030445EA235F56B100E96FB3 /* Resources */ = {
			isa = PBXResourcesBuildPhase;
			buildActionMask = 2147483647;
			files = (
				030445FF235F56B400E96FB3 /* LaunchScreen.storyboard in Resources */,
				030445FC235F56B400E96FB3 /* Assets.xcassets in Resources */,
				030445F7235F56B100E96FB3 /* Main.storyboard in Resources */,
			);
			runOnlyForDeploymentPostprocessing = 0;
		};
		03044603235F56B400E96FB3 /* Resources */ = {
			isa = PBXResourcesBuildPhase;
			buildActionMask = 2147483647;
			files = (
			);
			runOnlyForDeploymentPostprocessing = 0;
		};
/* End PBXResourcesBuildPhase section */

/* Begin PBXSourcesBuildPhase section */
		030445E8235F56B100E96FB3 /* Sources */ = {
			isa = PBXSourcesBuildPhase;
			buildActionMask = 2147483647;
			files = (
				030445F4235F56B100E96FB3 /* ViewController.swift in Sources */,
				030445F0235F56B100E96FB3 /* AppDelegate.swift in Sources */,
				030445F2235F56B100E96FB3 /* SceneDelegate.swift in Sources */,
				030445FA235F56B100E96FB3 /* Colors_with_Navigation.xcdatamodeld in Sources */,
			);
			runOnlyForDeploymentPostprocessing = 0;
		};
		03044601235F56B400E96FB3 /* Sources */ = {
			isa = PBXSourcesBuildPhase;
			buildActionMask = 2147483647;
			files = (
				0304460A235F56B400E96FB3 /* Colors_with_NavigationUITests.swift in Sources */,
			);
			runOnlyForDeploymentPostprocessing = 0;
		};
/* End PBXSourcesBuildPhase section */

/* Begin PBXTargetDependency section */
		03044607235F56B400E96FB3 /* PBXTargetDependency */ = {
			isa = PBXTargetDependency;
			target = 030445EB235F56B100E96FB3 /* Colors with Navigation */;
			targetProxy = 03044606235F56B400E96FB3 /* PBXContainerItemProxy */;
		};
/* End PBXTargetDependency section */

/* Begin PBXVariantGroup section */
		030445F5235F56B100E96FB3 /* Main.storyboard */ = {
			isa = PBXVariantGroup;
			children = (
				030445F6235F56B100E96FB3 /* Base */,
			);
			name = Main.storyboard;
			sourceTree = "<group>";
		};
		030445FD235F56B400E96FB3 /* LaunchScreen.storyboard */ = {
			isa = PBXVariantGroup;
			children = (
				030445FE235F56B400E96FB3 /* Base */,
			);
			name = LaunchScreen.storyboard;
			sourceTree = "<group>";
		};
/* End PBXVariantGroup section */

/* Begin XCBuildConfiguration section */
		0304460C235F56B400E96FB3 /* Debug */ = {
			isa = XCBuildConfiguration;
			buildSettings = {
				ALWAYS_SEARCH_USER_PATHS = NO;
				CLANG_ANALYZER_NONNULL = YES;
				CLANG_ANALYZER_NUMBER_OBJECT_CONVERSION = YES_AGGRESSIVE;
				CLANG_CXX_LANGUAGE_STANDARD = "gnu++14";
				CLANG_CXX_LIBRARY = "libc++";
				CLANG_ENABLE_MODULES = YES;
				CLANG_ENABLE_OBJC_ARC = YES;
				CLANG_ENABLE_OBJC_WEAK = YES;
				CLANG_WARN_BLOCK_CAPTURE_AUTORELEASING = YES;
				CLANG_WARN_BOOL_CONVERSION = YES;
				CLANG_WARN_COMMA = YES;
				CLANG_WARN_CONSTANT_CONVERSION = YES;
				CLANG_WARN_DEPRECATED_OBJC_IMPLEMENTATIONS = YES;
				CLANG_WARN_DIRECT_OBJC_ISA_USAGE = YES_ERROR;
				CLANG_WARN_DOCUMENTATION_COMMENTS = YES;
				CLANG_WARN_EMPTY_BODY = YES;
				CLANG_WARN_ENUM_CONVERSION = YES;
				CLANG_WARN_INFINITE_RECURSION = YES;
				CLANG_WARN_INT_CONVERSION = YES;
				CLANG_WARN_NON_LITERAL_NULL_CONVERSION = YES;
				CLANG_WARN_OBJC_IMPLICIT_RETAIN_SELF = YES;
				CLANG_WARN_OBJC_LITERAL_CONVERSION = YES;
				CLANG_WARN_OBJC_ROOT_CLASS = YES_ERROR;
				CLANG_WARN_RANGE_LOOP_ANALYSIS = YES;
				CLANG_WARN_STRICT_PROTOTYPES = YES;
				CLANG_WARN_SUSPICIOUS_MOVE = YES;
				CLANG_WARN_UNGUARDED_AVAILABILITY = YES_AGGRESSIVE;
				CLANG_WARN_UNREACHABLE_CODE = YES;
				CLANG_WARN__DUPLICATE_METHOD_MATCH = YES;
				COPY_PHASE_STRIP = NO;
				DEBUG_INFORMATION_FORMAT = dwarf;
				ENABLE_STRICT_OBJC_MSGSEND = YES;
				ENABLE_TESTABILITY = YES;
				GCC_C_LANGUAGE_STANDARD = gnu11;
				GCC_DYNAMIC_NO_PIC = NO;
				GCC_NO_COMMON_BLOCKS = YES;
				GCC_OPTIMIZATION_LEVEL = 0;
				GCC_PREPROCESSOR_DEFINITIONS = (
					"DEBUG=1",
					"$(inherited)",
				);
				GCC_WARN_64_TO_32_BIT_CONVERSION = YES;
				GCC_WARN_ABOUT_RETURN_TYPE = YES_ERROR;
				GCC_WARN_UNDECLARED_SELECTOR = YES;
				GCC_WARN_UNINITIALIZED_AUTOS = YES_AGGRESSIVE;
				GCC_WARN_UNUSED_FUNCTION = YES;
				GCC_WARN_UNUSED_VARIABLE = YES;
				IPHONEOS_DEPLOYMENT_TARGET = 13.1;
				MTL_ENABLE_DEBUG_INFO = INCLUDE_SOURCE;
				MTL_FAST_MATH = YES;
				ONLY_ACTIVE_ARCH = YES;
				SDKROOT = iphoneos;
				SWIFT_ACTIVE_COMPILATION_CONDITIONS = DEBUG;
				SWIFT_OPTIMIZATION_LEVEL = "-Onone";
			};
			name = Debug;
		};
		0304460D235F56B400E96FB3 /* Release */ = {
			isa = XCBuildConfiguration;
			buildSettings = {
				ALWAYS_SEARCH_USER_PATHS = NO;
				CLANG_ANALYZER_NONNULL = YES;
				CLANG_ANALYZER_NUMBER_OBJECT_CONVERSION = YES_AGGRESSIVE;
				CLANG_CXX_LANGUAGE_STANDARD = "gnu++14";
				CLANG_CXX_LIBRARY = "libc++";
				CLANG_ENABLE_MODULES = YES;
				CLANG_ENABLE_OBJC_ARC = YES;
				CLANG_ENABLE_OBJC_WEAK = YES;
				CLANG_WARN_BLOCK_CAPTURE_AUTORELEASING = YES;
				CLANG_WARN_BOOL_CONVERSION = YES;
				CLANG_WARN_COMMA = YES;
				CLANG_WARN_CONSTANT_CONVERSION = YES;
				CLANG_WARN_DEPRECATED_OBJC_IMPLEMENTATIONS = YES;
				CLANG_WARN_DIRECT_OBJC_ISA_USAGE = YES_ERROR;
				CLANG_WARN_DOCUMENTATION_COMMENTS = YES;
				CLANG_WARN_EMPTY_BODY = YES;
				CLANG_WARN_ENUM_CONVERSION = YES;
				CLANG_WARN_INFINITE_RECURSION = YES;
				CLANG_WARN_INT_CONVERSION = YES;
				CLANG_WARN_NON_LITERAL_NULL_CONVERSION = YES;
				CLANG_WARN_OBJC_IMPLICIT_RETAIN_SELF = YES;
				CLANG_WARN_OBJC_LITERAL_CONVERSION = YES;
				CLANG_WARN_OBJC_ROOT_CLASS = YES_ERROR;
				CLANG_WARN_RANGE_LOOP_ANALYSIS = YES;
				CLANG_WARN_STRICT_PROTOTYPES = YES;
				CLANG_WARN_SUSPICIOUS_MOVE = YES;
				CLANG_WARN_UNGUARDED_AVAILABILITY = YES_AGGRESSIVE;
				CLANG_WARN_UNREACHABLE_CODE = YES;
				CLANG_WARN__DUPLICATE_METHOD_MATCH = YES;
				COPY_PHASE_STRIP = NO;
				DEBUG_INFORMATION_FORMAT = "dwarf-with-dsym";
				ENABLE_NS_ASSERTIONS = NO;
				ENABLE_STRICT_OBJC_MSGSEND = YES;
				GCC_C_LANGUAGE_STANDARD = gnu11;
				GCC_NO_COMMON_BLOCKS = YES;
				GCC_WARN_64_TO_32_BIT_CONVERSION = YES;
				GCC_WARN_ABOUT_RETURN_TYPE = YES_ERROR;
				GCC_WARN_UNDECLARED_SELECTOR = YES;
				GCC_WARN_UNINITIALIZED_AUTOS = YES_AGGRESSIVE;
				GCC_WARN_UNUSED_FUNCTION = YES;
				GCC_WARN_UNUSED_VARIABLE = YES;
				IPHONEOS_DEPLOYMENT_TARGET = 13.1;
				MTL_ENABLE_DEBUG_INFO = NO;
				MTL_FAST_MATH = YES;
				SDKROOT = iphoneos;
				SWIFT_COMPILATION_MODE = wholemodule;
				SWIFT_OPTIMIZATION_LEVEL = "-O";
				VALIDATE_PRODUCT = YES;
			};
			name = Release;
		};
		0304460F235F56B400E96FB3 /* Debug */ = {
			isa = XCBuildConfiguration;
			buildSettings = {
				ASSETCATALOG_COMPILER_APPICON_NAME = AppIcon;
				CODE_SIGN_STYLE = Automatic;
				DEVELOPMENT_TEAM = 2KZU67346V;
				INFOPLIST_FILE = "Colors with Navigation/Info.plist";
				LD_RUNPATH_SEARCH_PATHS = (
					"$(inherited)",
					"@executable_path/Frameworks",
				);
				PRODUCT_BUNDLE_IDENTIFIER = "com.minormischief.Colors-with-Navigation";
				PRODUCT_NAME = "$(TARGET_NAME)";
				SWIFT_VERSION = 5.0;
				TARGETED_DEVICE_FAMILY = "1,2";
			};
			name = Debug;
		};
		03044610235F56B400E96FB3 /* Release */ = {
			isa = XCBuildConfiguration;
			buildSettings = {
				ASSETCATALOG_COMPILER_APPICON_NAME = AppIcon;
				CODE_SIGN_STYLE = Automatic;
				DEVELOPMENT_TEAM = 2KZU67346V;
				INFOPLIST_FILE = "Colors with Navigation/Info.plist";
				LD_RUNPATH_SEARCH_PATHS = (
					"$(inherited)",
					"@executable_path/Frameworks",
				);
				PRODUCT_BUNDLE_IDENTIFIER = "com.minormischief.Colors-with-Navigation";
				PRODUCT_NAME = "$(TARGET_NAME)";
				SWIFT_VERSION = 5.0;
				TARGETED_DEVICE_FAMILY = "1,2";
			};
			name = Release;
		};
		03044612235F56B400E96FB3 /* Debug */ = {
			isa = XCBuildConfiguration;
			buildSettings = {
				ALWAYS_EMBED_SWIFT_STANDARD_LIBRARIES = YES;
				CODE_SIGN_STYLE = Automatic;
				DEVELOPMENT_TEAM = 2KZU67346V;
				INFOPLIST_FILE = "Colors with NavigationUITests/Info.plist";
				LD_RUNPATH_SEARCH_PATHS = (
					"$(inherited)",
					"@executable_path/Frameworks",
					"@loader_path/Frameworks",
				);
				PRODUCT_BUNDLE_IDENTIFIER = "com.minormischief.Colors-with-NavigationUITests";
				PRODUCT_NAME = "$(TARGET_NAME)";
				SWIFT_VERSION = 5.0;
				TARGETED_DEVICE_FAMILY = "1,2";
				TEST_TARGET_NAME = "Colors with Navigation";
			};
			name = Debug;
		};
		03044613235F56B400E96FB3 /* Release */ = {
			isa = XCBuildConfiguration;
			buildSettings = {
				ALWAYS_EMBED_SWIFT_STANDARD_LIBRARIES = YES;
				CODE_SIGN_STYLE = Automatic;
				DEVELOPMENT_TEAM = 2KZU67346V;
				INFOPLIST_FILE = "Colors with NavigationUITests/Info.plist";
				LD_RUNPATH_SEARCH_PATHS = (
					"$(inherited)",
					"@executable_path/Frameworks",
					"@loader_path/Frameworks",
				);
				PRODUCT_BUNDLE_IDENTIFIER = "com.minormischief.Colors-with-NavigationUITests";
				PRODUCT_NAME = "$(TARGET_NAME)";
				SWIFT_VERSION = 5.0;
				TARGETED_DEVICE_FAMILY = "1,2";
				TEST_TARGET_NAME = "Colors with Navigation";
			};
			name = Release;
		};
/* End XCBuildConfiguration section */

/* Begin XCConfigurationList section */
		030445E7235F56B100E96FB3 /* Build configuration list for PBXProject "Colors with Navigation" */ = {
			isa = XCConfigurationList;
			buildConfigurations = (
				0304460C235F56B400E96FB3 /* Debug */,
				0304460D235F56B400E96FB3 /* Release */,
			);
			defaultConfigurationIsVisible = 0;
			defaultConfigurationName = Release;
		};
		0304460E235F56B400E96FB3 /* Build configuration list for PBXNativeTarget "Colors with Navigation" */ = {
			isa = XCConfigurationList;
			buildConfigurations = (
				0304460F235F56B400E96FB3 /* Debug */,
				03044610235F56B400E96FB3 /* Release */,
			);
			defaultConfigurationIsVisible = 0;
			defaultConfigurationName = Release;
		};
		03044611235F56B400E96FB3 /* Build configuration list for PBXNativeTarget "Colors with NavigationUITests" */ = {
			isa = XCConfigurationList;
			buildConfigurations = (
				03044612235F56B400E96FB3 /* Debug */,
				03044613235F56B400E96FB3 /* Release */,
			);
			defaultConfigurationIsVisible = 0;
			defaultConfigurationName = Release;
		};
/* End XCConfigurationList section */

/* Begin XCVersionGroup section */
		030445F8235F56B100E96FB3 /* Colors_with_Navigation.xcdatamodeld */ = {
			isa = XCVersionGroup;
			children = (
				030445F9235F56B100E96FB3 /* Colors_with_Navigation.xcdatamodel */,
			);
			currentVersion = 030445F9235F56B100E96FB3 /* Colors_with_Navigation.xcdatamodel */;
			path = Colors_with_Navigation.xcdatamodeld;
			sourceTree = "<group>";
			versionGroupType = wrapper.xcdatamodel;
		};
/* End XCVersionGroup section */
	};
	rootObject = 030445E4235F56B100E96FB3 /* Project object */;
}
